
Microsoft Visual Studio Solution File, Format Version 12.00
# Visual Studio 15
VisualStudioVersion = 15.0.26228.76
MinimumVisualStudioVersion = 10.0.40219.1
Project("{FAE04EC0-301F-11D3-BF4B-00C04F79EFBC}") = "ConsoleApp1", "ConsoleApp1\ConsoleApp1.csproj", "{B80273F9-B483-4764-9586-248007FFA205}"
EndProject
Global
	GlobalSection(SolutionConfigurationPlatforms) = preSolution
		Bloop|Any CPU = Bloop|Any CPU
		Debug|Any CPU = Debug|Any CPU
		Release|Any CPU = Release|Any CPU
	EndGlobalSection
	GlobalSection(ProjectConfigurationPlatforms) = postSolution
		{B80273F9-B483-4764-9586-248007FFA205}.Bloop|Any CPU.ActiveCfg = Debug|Any CPU
		{B80273F9-B483-4764-9586-248007FFA205}.Bloop|Any CPU.Build.0 = Debug|Any CPU
		{B80273F9-B483-4764-9586-248007FFA205}.Debug|Any CPU.ActiveCfg = Debug|Any CPU
		{B80273F9-B483-4764-9586-248007FFA205}.Debug|Any CPU.Build.0 = Debug|Any CPU
		{B80273F9-B483-4764-9586-248007FFA205}.Release|Any CPU.ActiveCfg = Release|Any CPU
		{B80273F9-B483-4764-9586-248007FFA205}.Release|Any CPU.Build.0 = Release|Any CPU
	EndGlobalSection
	GlobalSection(SolutionProperties) = preSolution
		HideSolutionNode = FALSE
	EndGlobalSection
EndGlobal
